// !$*UTF8*$!
{
	archiveVersion = 1;
	classes = {
	};
	objectVersion = 50;
	objects = {

/* Begin PBXBuildFile section */
		AA0C05F125A18707009351A8 /* DragAndDropTableVC.swift in Sources */ = {isa = PBXBuildFile; fileRef = AA0C05F025A18707009351A8 /* DragAndDropTableVC.swift */; };
		AA0C05F525A18D5C009351A8 /* DragAndDropImage.swift in Sources */ = {isa = PBXBuildFile; fileRef = AA0C05F425A18D5C009351A8 /* DragAndDropImage.swift */; };
		AA0EBEE3259C8062003CC713 /* MenuVC.swift in Sources */ = {isa = PBXBuildFile; fileRef = AA0EBEE2259C8062003CC713 /* MenuVC.swift */; };
		AA0EBEE6259C8442003CC713 /* WindowController.swift in Sources */ = {isa = PBXBuildFile; fileRef = AA0EBEE5259C8442003CC713 /* WindowController.swift */; };
		AA0EBEEC259C8744003CC713 /* SplitViewController.swift in Sources */ = {isa = PBXBuildFile; fileRef = AA0EBEEB259C8744003CC713 /* SplitViewController.swift */; };
		AA1107CB259B7DBD00AD43C3 /* DatePickerVC.swift in Sources */ = {isa = PBXBuildFile; fileRef = AA1107CA259B7DBD00AD43C3 /* DatePickerVC.swift */; };
		AA1107CE259B81FC00AD43C3 /* SliderVC.swift in Sources */ = {isa = PBXBuildFile; fileRef = AA1107CD259B81FC00AD43C3 /* SliderVC.swift */; };
		AA1107D1259B836900AD43C3 /* PopUpButtonVC.swift in Sources */ = {isa = PBXBuildFile; fileRef = AA1107D0259B836900AD43C3 /* PopUpButtonVC.swift */; };
		AA1107D5259B855700AD43C3 /* ImageViewVC.swift in Sources */ = {isa = PBXBuildFile; fileRef = AA1107D4259B855700AD43C3 /* ImageViewVC.swift */; };
		AA13CD79259DB8DF0099BC03 /* DragAndDropVC.swift in Sources */ = {isa = PBXBuildFile; fileRef = AA13CD78259DB8DF0099BC03 /* DragAndDropVC.swift */; };
		AA13CD7D259DC6600099BC03 /* MouseEventsVC.swift in Sources */ = {isa = PBXBuildFile; fileRef = AA13CD7C259DC6600099BC03 /* MouseEventsVC.swift */; };
		AA166E2825A0C0F000E9018F /* CustomButtonVC.swift in Sources */ = {isa = PBXBuildFile; fileRef = AA166E2725A0C0F000E9018F /* CustomButtonVC.swift */; };
		AA213E2225A21F9300A14D7C /* TableDiffableVC.swift in Sources */ = {isa = PBXBuildFile; fileRef = AA213E2125A21F9300A14D7C /* TableDiffableVC.swift */; };
		AA213E2625A2211400A14D7C /* Food.swift in Sources */ = {isa = PBXBuildFile; fileRef = AA213E2525A2211400A14D7C /* Food.swift */; };
		AA32709D25A061A1002B2522 /* OutlineVC.swift in Sources */ = {isa = PBXBuildFile; fileRef = AA32709C25A061A1002B2522 /* OutlineVC.swift */; };
		AA3270A025A06237002B2522 /* Person.swift in Sources */ = {isa = PBXBuildFile; fileRef = AA32709F25A06237002B2522 /* Person.swift */; };
		AA3359EC258E31EE003AA3A3 /* AppDelegate.swift in Sources */ = {isa = PBXBuildFile; fileRef = AA3359EB258E31EE003AA3A3 /* AppDelegate.swift */; };
		AA3359F0258E31EE003AA3A3 /* Assets.xcassets in Resources */ = {isa = PBXBuildFile; fileRef = AA3359EF258E31EE003AA3A3 /* Assets.xcassets */; };
		AA3359F3258E31EE003AA3A3 /* Main.storyboard in Resources */ = {isa = PBXBuildFile; fileRef = AA3359F1258E31EE003AA3A3 /* Main.storyboard */; };
		AA3359FD258E345B003AA3A3 /* ListViewController.swift in Sources */ = {isa = PBXBuildFile; fileRef = AA3359FC258E345B003AA3A3 /* ListViewController.swift */; };
		AA335A00258E36A6003AA3A3 /* TableViewVC.swift in Sources */ = {isa = PBXBuildFile; fileRef = AA3359FF258E36A6003AA3A3 /* TableViewVC.swift */; };
		AA4413D325A09AE80021558D /* ViewBasedTableVC.swift in Sources */ = {isa = PBXBuildFile; fileRef = AA4413D225A09AE80021558D /* ViewBasedTableVC.swift */; };
		AA5B271225A050B000B7A2A5 /* PrintVC.swift in Sources */ = {isa = PBXBuildFile; fileRef = AA5B271125A050B000B7A2A5 /* PrintVC.swift */; };
		AA6BDD53259F361400A422AA /* AlertVC.swift in Sources */ = {isa = PBXBuildFile; fileRef = AA6BDD52259F361400A422AA /* AlertVC.swift */; };
		AA6BDD56259F3E8500A422AA /* CustomSheetVC.swift in Sources */ = {isa = PBXBuildFile; fileRef = AA6BDD55259F3E8500A422AA /* CustomSheetVC.swift */; };
		AA7D5D5E25A345A500D92CF8 /* GestureVC.swift in Sources */ = {isa = PBXBuildFile; fileRef = AA7D5D5D25A345A500D92CF8 /* GestureVC.swift */; };
		AA85A48325A2F0BE00A377AB /* QuickLookVC.swift in Sources */ = {isa = PBXBuildFile; fileRef = AA85A48225A2F0BE00A377AB /* QuickLookVC.swift */; };
		AA85A48625A2F11C00A377AB /* QuickLookTableView.swift in Sources */ = {isa = PBXBuildFile; fileRef = AA85A48525A2F11C00A377AB /* QuickLookTableView.swift */; };
		AAA46FB2259F17FD007206C9 /* StatusBarVC.swift in Sources */ = {isa = PBXBuildFile; fileRef = AAA46FB1259F17FD007206C9 /* StatusBarVC.swift */; };
		AAB160F9259E2B590026410E /* PopoverVC.swift in Sources */ = {isa = PBXBuildFile; fileRef = AAB160F8259E2B590026410E /* PopoverVC.swift */; };
		AAB3F31B259F4BDF00FC4C05 /* CollectionViewVC.swift in Sources */ = {isa = PBXBuildFile; fileRef = AAB3F31A259F4BDF00FC4C05 /* CollectionViewVC.swift */; };
		AAB3F327259F4D6E00FC4C05 /* MyCollectionViewItem.swift in Sources */ = {isa = PBXBuildFile; fileRef = AAB3F325259F4D6E00FC4C05 /* MyCollectionViewItem.swift */; };
		AAB3F328259F4D6E00FC4C05 /* MyCollectionViewItem.xib in Resources */ = {isa = PBXBuildFile; fileRef = AAB3F326259F4D6E00FC4C05 /* MyCollectionViewItem.xib */; };
		AABAF6BC25A31702007274E9 /* UndoManagerVC.swift in Sources */ = {isa = PBXBuildFile; fileRef = AABAF6BB25A31702007274E9 /* UndoManagerVC.swift */; };
		AABAF6BF25A3174E007274E9 /* DrawingView.swift in Sources */ = {isa = PBXBuildFile; fileRef = AABAF6BE25A3174E007274E9 /* DrawingView.swift */; };
		AABAF6C225A31772007274E9 /* CircleView.swift in Sources */ = {isa = PBXBuildFile; fileRef = AABAF6C125A31772007274E9 /* CircleView.swift */; };
		AABE9346259F66E400D83927 /* SplitViewVC.swift in Sources */ = {isa = PBXBuildFile; fileRef = AABE9345259F66E400D83927 /* SplitViewVC.swift */; };
		AAC11D8F259E1E3800C73847 /* CoreDataVC.swift in Sources */ = {isa = PBXBuildFile; fileRef = AAC11D8E259E1E3800C73847 /* CoreDataVC.swift */; };
		AAC11D93259E1EA900C73847 /* MyMacOSApp.xcdatamodeld in Sources */ = {isa = PBXBuildFile; fileRef = AAC11D91259E1EA900C73847 /* MyMacOSApp.xcdatamodeld */; };
		AAD0FB99259F5FA800B16623 /* SharingVC.swift in Sources */ = {isa = PBXBuildFile; fileRef = AAD0FB98259F5FA800B16623 /* SharingVC.swift */; };
		AADA0676259DF8CD00C05961 /* KeyboardEventsVC.swift in Sources */ = {isa = PBXBuildFile; fileRef = AADA0675259DF8CD00C05961 /* KeyboardEventsVC.swift */; };
/* End PBXBuildFile section */

/* Begin PBXFileReference section */
		AA0C05F025A18707009351A8 /* DragAndDropTableVC.swift */ = {isa = PBXFileReference; lastKnownFileType = sourcecode.swift; path = DragAndDropTableVC.swift; sourceTree = "<group>"; };
		AA0C05F425A18D5C009351A8 /* DragAndDropImage.swift */ = {isa = PBXFileReference; lastKnownFileType = sourcecode.swift; path = DragAndDropImage.swift; sourceTree = "<group>"; };
		AA0EBEE2259C8062003CC713 /* MenuVC.swift */ = {isa = PBXFileReference; lastKnownFileType = sourcecode.swift; path = MenuVC.swift; sourceTree = "<group>"; };
		AA0EBEE5259C8442003CC713 /* WindowController.swift */ = {isa = PBXFileReference; lastKnownFileType = sourcecode.swift; path = WindowController.swift; sourceTree = "<group>"; };
		AA0EBEEB259C8744003CC713 /* SplitViewController.swift */ = {isa = PBXFileReference; lastKnownFileType = sourcecode.swift; path = SplitViewController.swift; sourceTree = "<group>"; };
		AA1107CA259B7DBD00AD43C3 /* DatePickerVC.swift */ = {isa = PBXFileReference; lastKnownFileType = sourcecode.swift; path = DatePickerVC.swift; sourceTree = "<group>"; };
		AA1107CD259B81FC00AD43C3 /* SliderVC.swift */ = {isa = PBXFileReference; lastKnownFileType = sourcecode.swift; path = SliderVC.swift; sourceTree = "<group>"; };
		AA1107D0259B836900AD43C3 /* PopUpButtonVC.swift */ = {isa = PBXFileReference; lastKnownFileType = sourcecode.swift; path = PopUpButtonVC.swift; sourceTree = "<group>"; };
		AA1107D4259B855700AD43C3 /* ImageViewVC.swift */ = {isa = PBXFileReference; lastKnownFileType = sourcecode.swift; path = ImageViewVC.swift; sourceTree = "<group>"; };
		AA13CD78259DB8DF0099BC03 /* DragAndDropVC.swift */ = {isa = PBXFileReference; lastKnownFileType = sourcecode.swift; path = DragAndDropVC.swift; sourceTree = "<group>"; };
		AA13CD7C259DC6600099BC03 /* MouseEventsVC.swift */ = {isa = PBXFileReference; lastKnownFileType = sourcecode.swift; path = MouseEventsVC.swift; sourceTree = "<group>"; };
		AA166E2725A0C0F000E9018F /* CustomButtonVC.swift */ = {isa = PBXFileReference; lastKnownFileType = sourcecode.swift; path = CustomButtonVC.swift; sourceTree = "<group>"; };
		AA213E2125A21F9300A14D7C /* TableDiffableVC.swift */ = {isa = PBXFileReference; lastKnownFileType = sourcecode.swift; path = TableDiffableVC.swift; sourceTree = "<group>"; };
		AA213E2525A2211400A14D7C /* Food.swift */ = {isa = PBXFileReference; fileEncoding = 4; lastKnownFileType = sourcecode.swift; path = Food.swift; sourceTree = "<group>"; };
		AA32709C25A061A1002B2522 /* OutlineVC.swift */ = {isa = PBXFileReference; lastKnownFileType = sourcecode.swift; path = OutlineVC.swift; sourceTree = "<group>"; };
		AA32709F25A06237002B2522 /* Person.swift */ = {isa = PBXFileReference; lastKnownFileType = sourcecode.swift; path = Person.swift; sourceTree = "<group>"; };
		AA3359E8258E31EE003AA3A3 /* MyMacOSApp.app */ = {isa = PBXFileReference; explicitFileType = wrapper.application; includeInIndex = 0; path = MyMacOSApp.app; sourceTree = BUILT_PRODUCTS_DIR; };
		AA3359EB258E31EE003AA3A3 /* AppDelegate.swift */ = {isa = PBXFileReference; lastKnownFileType = sourcecode.swift; path = AppDelegate.swift; sourceTree = "<group>"; };
		AA3359EF258E31EE003AA3A3 /* Assets.xcassets */ = {isa = PBXFileReference; lastKnownFileType = folder.assetcatalog; path = Assets.xcassets; sourceTree = "<group>"; };
		AA3359F2258E31EE003AA3A3 /* Base */ = {isa = PBXFileReference; lastKnownFileType = file.storyboard; name = Base; path = Base.lproj/Main.storyboard; sourceTree = "<group>"; };
		AA3359F4258E31EE003AA3A3 /* Info.plist */ = {isa = PBXFileReference; lastKnownFileType = text.plist.xml; path = Info.plist; sourceTree = "<group>"; };
		AA3359F5258E31EE003AA3A3 /* MyMacOSApp.entitlements */ = {isa = PBXFileReference; lastKnownFileType = text.plist.entitlements; path = MyMacOSApp.entitlements; sourceTree = "<group>"; };
		AA3359FC258E345B003AA3A3 /* ListViewController.swift */ = {isa = PBXFileReference; lastKnownFileType = sourcecode.swift; path = ListViewController.swift; sourceTree = "<group>"; };
		AA3359FF258E36A6003AA3A3 /* TableViewVC.swift */ = {isa = PBXFileReference; lastKnownFileType = sourcecode.swift; path = TableViewVC.swift; sourceTree = "<group>"; };
		AA4413D225A09AE80021558D /* ViewBasedTableVC.swift */ = {isa = PBXFileReference; lastKnownFileType = sourcecode.swift; path = ViewBasedTableVC.swift; sourceTree = "<group>"; };
		AA5B271125A050B000B7A2A5 /* PrintVC.swift */ = {isa = PBXFileReference; lastKnownFileType = sourcecode.swift; path = PrintVC.swift; sourceTree = "<group>"; };
		AA6BDD52259F361400A422AA /* AlertVC.swift */ = {isa = PBXFileReference; lastKnownFileType = sourcecode.swift; path = AlertVC.swift; sourceTree = "<group>"; };
		AA6BDD55259F3E8500A422AA /* CustomSheetVC.swift */ = {isa = PBXFileReference; lastKnownFileType = sourcecode.swift; path = CustomSheetVC.swift; sourceTree = "<group>"; };
		AA7D5D5D25A345A500D92CF8 /* GestureVC.swift */ = {isa = PBXFileReference; lastKnownFileType = sourcecode.swift; path = GestureVC.swift; sourceTree = "<group>"; };
		AA85A48225A2F0BE00A377AB /* QuickLookVC.swift */ = {isa = PBXFileReference; lastKnownFileType = sourcecode.swift; path = QuickLookVC.swift; sourceTree = "<group>"; };
		AA85A48525A2F11C00A377AB /* QuickLookTableView.swift */ = {isa = PBXFileReference; lastKnownFileType = sourcecode.swift; path = QuickLookTableView.swift; sourceTree = "<group>"; };
		AAA46FB1259F17FD007206C9 /* StatusBarVC.swift */ = {isa = PBXFileReference; lastKnownFileType = sourcecode.swift; path = StatusBarVC.swift; sourceTree = "<group>"; };
		AAB160F8259E2B590026410E /* PopoverVC.swift */ = {isa = PBXFileReference; lastKnownFileType = sourcecode.swift; path = PopoverVC.swift; sourceTree = "<group>"; };
		AAB3F31A259F4BDF00FC4C05 /* CollectionViewVC.swift */ = {isa = PBXFileReference; lastKnownFileType = sourcecode.swift; path = CollectionViewVC.swift; sourceTree = "<group>"; };
		AAB3F325259F4D6E00FC4C05 /* MyCollectionViewItem.swift */ = {isa = PBXFileReference; lastKnownFileType = sourcecode.swift; path = MyCollectionViewItem.swift; sourceTree = "<group>"; };
		AAB3F326259F4D6E00FC4C05 /* MyCollectionViewItem.xib */ = {isa = PBXFileReference; lastKnownFileType = file.xib; path = MyCollectionViewItem.xib; sourceTree = "<group>"; };
		AABAF6BB25A31702007274E9 /* UndoManagerVC.swift */ = {isa = PBXFileReference; lastKnownFileType = sourcecode.swift; path = UndoManagerVC.swift; sourceTree = "<group>"; };
		AABAF6BE25A3174E007274E9 /* DrawingView.swift */ = {isa = PBXFileReference; lastKnownFileType = sourcecode.swift; path = DrawingView.swift; sourceTree = "<group>"; };
		AABAF6C125A31772007274E9 /* CircleView.swift */ = {isa = PBXFileReference; lastKnownFileType = sourcecode.swift; path = CircleView.swift; sourceTree = "<group>"; };
		AABE9345259F66E400D83927 /* SplitViewVC.swift */ = {isa = PBXFileReference; lastKnownFileType = sourcecode.swift; path = SplitViewVC.swift; sourceTree = "<group>"; };
		AAC11D8E259E1E3800C73847 /* CoreDataVC.swift */ = {isa = PBXFileReference; lastKnownFileType = sourcecode.swift; path = CoreDataVC.swift; sourceTree = "<group>"; };
		AAC11D92259E1EA900C73847 /* MyMacOSApp.xcdatamodel */ = {isa = PBXFileReference; lastKnownFileType = wrapper.xcdatamodel; path = MyMacOSApp.xcdatamodel; sourceTree = "<group>"; };
		AAD0FB98259F5FA800B16623 /* SharingVC.swift */ = {isa = PBXFileReference; lastKnownFileType = sourcecode.swift; path = SharingVC.swift; sourceTree = "<group>"; };
		AADA0675259DF8CD00C05961 /* KeyboardEventsVC.swift */ = {isa = PBXFileReference; lastKnownFileType = sourcecode.swift; path = KeyboardEventsVC.swift; sourceTree = "<group>"; };
/* End PBXFileReference section */

/* Begin PBXFrameworksBuildPhase section */
		AA3359E5258E31EE003AA3A3 /* Frameworks */ = {
			isa = PBXFrameworksBuildPhase;
			buildActionMask = 2147483647;
			files = (
			);
			runOnlyForDeploymentPostprocessing = 0;
		};
/* End PBXFrameworksBuildPhase section */

/* Begin PBXGroup section */
		AA3359DF258E31EE003AA3A3 = {
			isa = PBXGroup;
			children = (
				AA3359EA258E31EE003AA3A3 /* MyMacOSApp */,
				AA3359E9258E31EE003AA3A3 /* Products */,
			);
			sourceTree = "<group>";
		};
		AA3359E9258E31EE003AA3A3 /* Products */ = {
			isa = PBXGroup;
			children = (
				AA3359E8258E31EE003AA3A3 /* MyMacOSApp.app */,
			);
			name = Products;
			sourceTree = "<group>";
		};
		AA3359EA258E31EE003AA3A3 /* MyMacOSApp */ = {
			isa = PBXGroup;
			children = (
				AA3359EB258E31EE003AA3A3 /* AppDelegate.swift */,
				AA0EBEE5259C8442003CC713 /* WindowController.swift */,
				AA0EBEEB259C8744003CC713 /* SplitViewController.swift */,
				AA3359FC258E345B003AA3A3 /* ListViewController.swift */,
				AA3359FF258E36A6003AA3A3 /* TableViewVC.swift */,
				AA1107CA259B7DBD00AD43C3 /* DatePickerVC.swift */,
				AA1107CD259B81FC00AD43C3 /* SliderVC.swift */,
				AA1107D0259B836900AD43C3 /* PopUpButtonVC.swift */,
				AA1107D4259B855700AD43C3 /* ImageViewVC.swift */,
				AA0EBEE2259C8062003CC713 /* MenuVC.swift */,
				AA13CD78259DB8DF0099BC03 /* DragAndDropVC.swift */,
				AA13CD7C259DC6600099BC03 /* MouseEventsVC.swift */,
				AADA0675259DF8CD00C05961 /* KeyboardEventsVC.swift */,
				AAC11D8E259E1E3800C73847 /* CoreDataVC.swift */,
				AAB160F8259E2B590026410E /* PopoverVC.swift */,
				AAA46FB1259F17FD007206C9 /* StatusBarVC.swift */,
				AA6BDD52259F361400A422AA /* AlertVC.swift */,
				AA6BDD55259F3E8500A422AA /* CustomSheetVC.swift */,
				AAB3F31A259F4BDF00FC4C05 /* CollectionViewVC.swift */,
				AAB3F325259F4D6E00FC4C05 /* MyCollectionViewItem.swift */,
				AAB3F326259F4D6E00FC4C05 /* MyCollectionViewItem.xib */,
				AAD0FB98259F5FA800B16623 /* SharingVC.swift */,
				AABE9345259F66E400D83927 /* SplitViewVC.swift */,
				AA5B271125A050B000B7A2A5 /* PrintVC.swift */,
				AA32709C25A061A1002B2522 /* OutlineVC.swift */,
				AA32709F25A06237002B2522 /* Person.swift */,
				AA4413D225A09AE80021558D /* ViewBasedTableVC.swift */,
				AA166E2725A0C0F000E9018F /* CustomButtonVC.swift */,
				AA0C05F025A18707009351A8 /* DragAndDropTableVC.swift */,
				AA0C05F425A18D5C009351A8 /* DragAndDropImage.swift */,
				AA213E2125A21F9300A14D7C /* TableDiffableVC.swift */,
				AA213E2525A2211400A14D7C /* Food.swift */,
				AA85A48225A2F0BE00A377AB /* QuickLookVC.swift */,
				AA85A48525A2F11C00A377AB /* QuickLookTableView.swift */,
				AABAF6BB25A31702007274E9 /* UndoManagerVC.swift */,
				AABAF6BE25A3174E007274E9 /* DrawingView.swift */,
				AABAF6C125A31772007274E9 /* CircleView.swift */,
				AA7D5D5D25A345A500D92CF8 /* GestureVC.swift */,
				AAC11D91259E1EA900C73847 /* MyMacOSApp.xcdatamodeld */,
				AA3359EF258E31EE003AA3A3 /* Assets.xcassets */,
				AA3359F1258E31EE003AA3A3 /* Main.storyboard */,
				AA3359F4258E31EE003AA3A3 /* Info.plist */,
				AA3359F5258E31EE003AA3A3 /* MyMacOSApp.entitlements */,
			);
			path = MyMacOSApp;
			sourceTree = "<group>";
		};
/* End PBXGroup section */

/* Begin PBXNativeTarget section */
		AA3359E7258E31EE003AA3A3 /* MyMacOSApp */ = {
			isa = PBXNativeTarget;
			buildConfigurationList = AA3359F8258E31EE003AA3A3 /* Build configuration list for PBXNativeTarget "MyMacOSApp" */;
			buildPhases = (
				AA3359E4258E31EE003AA3A3 /* Sources */,
				AA3359E5258E31EE003AA3A3 /* Frameworks */,
				AA3359E6258E31EE003AA3A3 /* Resources */,
			);
			buildRules = (
			);
			dependencies = (
			);
			name = MyMacOSApp;
			productName = MyMacOSApp;
			productReference = AA3359E8258E31EE003AA3A3 /* MyMacOSApp.app */;
			productType = "com.apple.product-type.application";
		};
/* End PBXNativeTarget section */

/* Begin PBXProject section */
		AA3359E0258E31EE003AA3A3 /* Project object */ = {
			isa = PBXProject;
			attributes = {
				LastSwiftUpdateCheck = 1230;
				LastUpgradeCheck = 1230;
				TargetAttributes = {
					AA3359E7258E31EE003AA3A3 = {
						CreatedOnToolsVersion = 12.3;
					};
				};
			};
			buildConfigurationList = AA3359E3258E31EE003AA3A3 /* Build configuration list for PBXProject "MyMacOSApp" */;
			compatibilityVersion = "Xcode 9.3";
			developmentRegion = en;
			hasScannedForEncodings = 0;
			knownRegions = (
				en,
				Base,
			);
			mainGroup = AA3359DF258E31EE003AA3A3;
			productRefGroup = AA3359E9258E31EE003AA3A3 /* Products */;
			projectDirPath = "";
			projectRoot = "";
			targets = (
				AA3359E7258E31EE003AA3A3 /* MyMacOSApp */,
			);
		};
/* End PBXProject section */

/* Begin PBXResourcesBuildPhase section */
		AA3359E6258E31EE003AA3A3 /* Resources */ = {
			isa = PBXResourcesBuildPhase;
			buildActionMask = 2147483647;
			files = (
				AAB3F328259F4D6E00FC4C05 /* MyCollectionViewItem.xib in Resources */,
				AA3359F0258E31EE003AA3A3 /* Assets.xcassets in Resources */,
				AA3359F3258E31EE003AA3A3 /* Main.storyboard in Resources */,
			);
			runOnlyForDeploymentPostprocessing = 0;
		};
/* End PBXResourcesBuildPhase section */

/* Begin PBXSourcesBuildPhase section */
		AA3359E4258E31EE003AA3A3 /* Sources */ = {
			isa = PBXSourcesBuildPhase;
			buildActionMask = 2147483647;
			files = (
				AA0EBEE6259C8442003CC713 /* WindowController.swift in Sources */,
				AA13CD7D259DC6600099BC03 /* MouseEventsVC.swift in Sources */,
				AA1107CB259B7DBD00AD43C3 /* DatePickerVC.swift in Sources */,
				AAB3F327259F4D6E00FC4C05 /* MyCollectionViewItem.swift in Sources */,
				AA4413D325A09AE80021558D /* ViewBasedTableVC.swift in Sources */,
				AA6BDD53259F361400A422AA /* AlertVC.swift in Sources */,
				AAD0FB99259F5FA800B16623 /* SharingVC.swift in Sources */,
				AA213E2225A21F9300A14D7C /* TableDiffableVC.swift in Sources */,
				AAC11D8F259E1E3800C73847 /* CoreDataVC.swift in Sources */,
				AA335A00258E36A6003AA3A3 /* TableViewVC.swift in Sources */,
				AAA46FB2259F17FD007206C9 /* StatusBarVC.swift in Sources */,
				AA1107D5259B855700AD43C3 /* ImageViewVC.swift in Sources */,
				AA3270A025A06237002B2522 /* Person.swift in Sources */,
				AA213E2625A2211400A14D7C /* Food.swift in Sources */,
				AA1107D1259B836900AD43C3 /* PopUpButtonVC.swift in Sources */,
				AABAF6BF25A3174E007274E9 /* DrawingView.swift in Sources */,
				AAB3F31B259F4BDF00FC4C05 /* CollectionViewVC.swift in Sources */,
				AA85A48325A2F0BE00A377AB /* QuickLookVC.swift in Sources */,
				AA6BDD56259F3E8500A422AA /* CustomSheetVC.swift in Sources */,
				AA166E2825A0C0F000E9018F /* CustomButtonVC.swift in Sources */,
				AA0C05F125A18707009351A8 /* DragAndDropTableVC.swift in Sources */,
				AADA0676259DF8CD00C05961 /* KeyboardEventsVC.swift in Sources */,
				AA0EBEEC259C8744003CC713 /* SplitViewController.swift in Sources */,
				AA13CD79259DB8DF0099BC03 /* DragAndDropVC.swift in Sources */,
				AA0EBEE3259C8062003CC713 /* MenuVC.swift in Sources */,
				AA32709D25A061A1002B2522 /* OutlineVC.swift in Sources */,
				AAC11D93259E1EA900C73847 /* MyMacOSApp.xcdatamodeld in Sources */,
				AA85A48625A2F11C00A377AB /* QuickLookTableView.swift in Sources */,
				AA1107CE259B81FC00AD43C3 /* SliderVC.swift in Sources */,
				AABAF6C225A31772007274E9 /* CircleView.swift in Sources */,
				AABE9346259F66E400D83927 /* SplitViewVC.swift in Sources */,
				AA3359EC258E31EE003AA3A3 /* AppDelegate.swift in Sources */,
				AA0C05F525A18D5C009351A8 /* DragAndDropImage.swift in Sources */,
				AAB160F9259E2B590026410E /* PopoverVC.swift in Sources */,
				AA7D5D5E25A345A500D92CF8 /* GestureVC.swift in Sources */,
				AABAF6BC25A31702007274E9 /* UndoManagerVC.swift in Sources */,
				AA5B271225A050B000B7A2A5 /* PrintVC.swift in Sources */,
				AA3359FD258E345B003AA3A3 /* ListViewController.swift in Sources */,
			);
			runOnlyForDeploymentPostprocessing = 0;
		};
/* End PBXSourcesBuildPhase section */

/* Begin PBXVariantGroup section */
		AA3359F1258E31EE003AA3A3 /* Main.storyboard */ = {
			isa = PBXVariantGroup;
			children = (
				AA3359F2258E31EE003AA3A3 /* Base */,
			);
			name = Main.storyboard;
			sourceTree = "<group>";
		};
/* End PBXVariantGroup section */

/* Begin XCBuildConfiguration section */
		AA3359F6258E31EE003AA3A3 /* Debug */ = {
			isa = XCBuildConfiguration;
			buildSettings = {
				ALWAYS_SEARCH_USER_PATHS = NO;
				CLANG_ANALYZER_NONNULL = YES;
				CLANG_ANALYZER_NUMBER_OBJECT_CONVERSION = YES_AGGRESSIVE;
				CLANG_CXX_LANGUAGE_STANDARD = "gnu++14";
				CLANG_CXX_LIBRARY = "libc++";
				CLANG_ENABLE_MODULES = YES;
				CLANG_ENABLE_OBJC_ARC = YES;
				CLANG_ENABLE_OBJC_WEAK = YES;
				CLANG_WARN_BLOCK_CAPTURE_AUTORELEASING = YES;
				CLANG_WARN_BOOL_CONVERSION = YES;
				CLANG_WARN_COMMA = YES;
				CLANG_WARN_CONSTANT_CONVERSION = YES;
				CLANG_WARN_DEPRECATED_OBJC_IMPLEMENTATIONS = YES;
				CLANG_WARN_DIRECT_OBJC_ISA_USAGE = YES_ERROR;
				CLANG_WARN_DOCUMENTATION_COMMENTS = YES;
				CLANG_WARN_EMPTY_BODY = YES;
				CLANG_WARN_ENUM_CONVERSION = YES;
				CLANG_WARN_INFINITE_RECURSION = YES;
				CLANG_WARN_INT_CONVERSION = YES;
				CLANG_WARN_NON_LITERAL_NULL_CONVERSION = YES;
				CLANG_WARN_OBJC_IMPLICIT_RETAIN_SELF = YES;
				CLANG_WARN_OBJC_LITERAL_CONVERSION = YES;
				CLANG_WARN_OBJC_ROOT_CLASS = YES_ERROR;
				CLANG_WARN_QUOTED_INCLUDE_IN_FRAMEWORK_HEADER = YES;
				CLANG_WARN_RANGE_LOOP_ANALYSIS = YES;
				CLANG_WARN_STRICT_PROTOTYPES = YES;
				CLANG_WARN_SUSPICIOUS_MOVE = YES;
				CLANG_WARN_UNGUARDED_AVAILABILITY = YES_AGGRESSIVE;
				CLANG_WARN_UNREACHABLE_CODE = YES;
				CLANG_WARN__DUPLICATE_METHOD_MATCH = YES;
				COPY_PHASE_STRIP = NO;
				DEBUG_INFORMATION_FORMAT = dwarf;
				ENABLE_STRICT_OBJC_MSGSEND = YES;
				ENABLE_TESTABILITY = YES;
				GCC_C_LANGUAGE_STANDARD = gnu11;
				GCC_DYNAMIC_NO_PIC = NO;
				GCC_NO_COMMON_BLOCKS = YES;
				GCC_OPTIMIZATION_LEVEL = 0;
				GCC_PREPROCESSOR_DEFINITIONS = (
					"DEBUG=1",
					"$(inherited)",
				);
				GCC_WARN_64_TO_32_BIT_CONVERSION = YES;
				GCC_WARN_ABOUT_RETURN_TYPE = YES_ERROR;
				GCC_WARN_UNDECLARED_SELECTOR = YES;
				GCC_WARN_UNINITIALIZED_AUTOS = YES_AGGRESSIVE;
				GCC_WARN_UNUSED_FUNCTION = YES;
				GCC_WARN_UNUSED_VARIABLE = YES;
				MACOSX_DEPLOYMENT_TARGET = 11.1;
				MTL_ENABLE_DEBUG_INFO = INCLUDE_SOURCE;
				MTL_FAST_MATH = YES;
				ONLY_ACTIVE_ARCH = YES;
				SDKROOT = macosx;
				SWIFT_ACTIVE_COMPILATION_CONDITIONS = DEBUG;
				SWIFT_OPTIMIZATION_LEVEL = "-Onone";
			};
			name = Debug;
		};
		AA3359F7258E31EE003AA3A3 /* Release */ = {
			isa = XCBuildConfiguration;
			buildSettings = {
				ALWAYS_SEARCH_USER_PATHS = NO;
				CLANG_ANALYZER_NONNULL = YES;
				CLANG_ANALYZER_NUMBER_OBJECT_CONVERSION = YES_AGGRESSIVE;
				CLANG_CXX_LANGUAGE_STANDARD = "gnu++14";
				CLANG_CXX_LIBRARY = "libc++";
				CLANG_ENABLE_MODULES = YES;
				CLANG_ENABLE_OBJC_ARC = YES;
				CLANG_ENABLE_OBJC_WEAK = YES;
				CLANG_WARN_BLOCK_CAPTURE_AUTORELEASING = YES;
				CLANG_WARN_BOOL_CONVERSION = YES;
				CLANG_WARN_COMMA = YES;
				CLANG_WARN_CONSTANT_CONVERSION = YES;
				CLANG_WARN_DEPRECATED_OBJC_IMPLEMENTATIONS = YES;
				CLANG_WARN_DIRECT_OBJC_ISA_USAGE = YES_ERROR;
				CLANG_WARN_DOCUMENTATION_COMMENTS = YES;
				CLANG_WARN_EMPTY_BODY = YES;
				CLANG_WARN_ENUM_CONVERSION = YES;
				CLANG_WARN_INFINITE_RECURSION = YES;
				CLANG_WARN_INT_CONVERSION = YES;
				CLANG_WARN_NON_LITERAL_NULL_CONVERSION = YES;
				CLANG_WARN_OBJC_IMPLICIT_RETAIN_SELF = YES;
				CLANG_WARN_OBJC_LITERAL_CONVERSION = YES;
				CLANG_WARN_OBJC_ROOT_CLASS = YES_ERROR;
				CLANG_WARN_QUOTED_INCLUDE_IN_FRAMEWORK_HEADER = YES;
				CLANG_WARN_RANGE_LOOP_ANALYSIS = YES;
				CLANG_WARN_STRICT_PROTOTYPES = YES;
				CLANG_WARN_SUSPICIOUS_MOVE = YES;
				CLANG_WARN_UNGUARDED_AVAILABILITY = YES_AGGRESSIVE;
				CLANG_WARN_UNREACHABLE_CODE = YES;
				CLANG_WARN__DUPLICATE_METHOD_MATCH = YES;
				COPY_PHASE_STRIP = NO;
				DEBUG_INFORMATION_FORMAT = "dwarf-with-dsym";
				ENABLE_NS_ASSERTIONS = NO;
				ENABLE_STRICT_OBJC_MSGSEND = YES;
				GCC_C_LANGUAGE_STANDARD = gnu11;
				GCC_NO_COMMON_BLOCKS = YES;
				GCC_WARN_64_TO_32_BIT_CONVERSION = YES;
				GCC_WARN_ABOUT_RETURN_TYPE = YES_ERROR;
				GCC_WARN_UNDECLARED_SELECTOR = YES;
				GCC_WARN_UNINITIALIZED_AUTOS = YES_AGGRESSIVE;
				GCC_WARN_UNUSED_FUNCTION = YES;
				GCC_WARN_UNUSED_VARIABLE = YES;
				MACOSX_DEPLOYMENT_TARGET = 11.1;
				MTL_ENABLE_DEBUG_INFO = NO;
				MTL_FAST_MATH = YES;
				SDKROOT = macosx;
				SWIFT_COMPILATION_MODE = wholemodule;
				SWIFT_OPTIMIZATION_LEVEL = "-O";
			};
			name = Release;
		};
		AA3359F9258E31EE003AA3A3 /* Debug */ = {
			isa = XCBuildConfiguration;
			buildSettings = {
				ASSETCATALOG_COMPILER_APPICON_NAME = AppIcon;
				ASSETCATALOG_COMPILER_GLOBAL_ACCENT_COLOR_NAME = AccentColor;
				CODE_SIGN_ENTITLEMENTS = MyMacOSApp/MyMacOSApp.entitlements;
				CODE_SIGN_STYLE = Automatic;
				COMBINE_HIDPI_IMAGES = YES;
				DEVELOPMENT_TEAM = 68B4J5F23V;
				ENABLE_HARDENED_RUNTIME = YES;
				INFOPLIST_FILE = MyMacOSApp/Info.plist;
				LD_RUNPATH_SEARCH_PATHS = (
					"$(inherited)",
					"@executable_path/../Frameworks",
				);
				PRODUCT_BUNDLE_IDENTIFIER = com.braintools.MyMacOSApp;
				PRODUCT_NAME = "$(TARGET_NAME)";
				SWIFT_VERSION = 5.0;
			};
			name = Debug;
		};
		AA3359FA258E31EE003AA3A3 /* Release */ = {
			isa = XCBuildConfiguration;
			buildSettings = {
				ASSETCATALOG_COMPILER_APPICON_NAME = AppIcon;
				ASSETCATALOG_COMPILER_GLOBAL_ACCENT_COLOR_NAME = AccentColor;
				CODE_SIGN_ENTITLEMENTS = MyMacOSApp/MyMacOSApp.entitlements;
				CODE_SIGN_STYLE = Automatic;
				COMBINE_HIDPI_IMAGES = YES;
				DEVELOPMENT_TEAM = 68B4J5F23V;
				ENABLE_HARDENED_RUNTIME = YES;
				INFOPLIST_FILE = MyMacOSApp/Info.plist;
				LD_RUNPATH_SEARCH_PATHS = (
					"$(inherited)",
					"@executable_path/../Frameworks",
				);
				PRODUCT_BUNDLE_IDENTIFIER = com.braintools.MyMacOSApp;
				PRODUCT_NAME = "$(TARGET_NAME)";
				SWIFT_VERSION = 5.0;
			};
			name = Release;
		};
/* End XCBuildConfiguration section */

/* Begin XCConfigurationList section */
		AA3359E3258E31EE003AA3A3 /* Build configuration list for PBXProject "MyMacOSApp" */ = {
			isa = XCConfigurationList;
			buildConfigurations = (
				AA3359F6258E31EE003AA3A3 /* Debug */,
				AA3359F7258E31EE003AA3A3 /* Release */,
			);
			defaultConfigurationIsVisible = 0;
			defaultConfigurationName = Release;
		};
		AA3359F8258E31EE003AA3A3 /* Build configuration list for PBXNativeTarget "MyMacOSApp" */ = {
			isa = XCConfigurationList;
			buildConfigurations = (
				AA3359F9258E31EE003AA3A3 /* Debug */,
				AA3359FA258E31EE003AA3A3 /* Release */,
			);
			defaultConfigurationIsVisible = 0;
			defaultConfigurationName = Release;
		};
/* End XCConfigurationList section */

/* Begin XCVersionGroup section */
		AAC11D91259E1EA900C73847 /* MyMacOSApp.xcdatamodeld */ = {
			isa = XCVersionGroup;
			children = (
				AAC11D92259E1EA900C73847 /* MyMacOSApp.xcdatamodel */,
			);
			currentVersion = AAC11D92259E1EA900C73847 /* MyMacOSApp.xcdatamodel */;
			path = MyMacOSApp.xcdatamodeld;
			sourceTree = "<group>";
			versionGroupType = wrapper.xcdatamodel;
		};
/* End XCVersionGroup section */
	};
	rootObject = AA3359E0258E31EE003AA3A3 /* Project object */;
}
